// !$*UTF8*$!
{
	archiveVersion = 1;
	classes = {
	};
	objectVersion = 56;
	objects = {

/* Begin PBXBuildFile section */
		845C40A62B58649B0006C015 /* Details.swift in Sources */ = {isa = PBXBuildFile; fileRef = 845C40A52B58649B0006C015 /* Details.swift */; };
		84AF67BD2B5738D10023DE2E /* AppDelegate.swift in Sources */ = {isa = PBXBuildFile; fileRef = 84AF67BC2B5738D10023DE2E /* AppDelegate.swift */; };
		84AF67BF2B5738D10023DE2E /* SceneDelegate.swift in Sources */ = {isa = PBXBuildFile; fileRef = 84AF67BE2B5738D10023DE2E /* SceneDelegate.swift */; };
		84AF67C12B5738D10023DE2E /* ViewController.swift in Sources */ = {isa = PBXBuildFile; fileRef = 84AF67C02B5738D10023DE2E /* ViewController.swift */; };
		84AF67C42B5738D10023DE2E /* Main.storyboard in Resources */ = {isa = PBXBuildFile; fileRef = 84AF67C22B5738D10023DE2E /* Main.storyboard */; };
		84AF67C62B5738D30023DE2E /* Assets.xcassets in Resources */ = {isa = PBXBuildFile; fileRef = 84AF67C52B5738D30023DE2E /* Assets.xcassets */; };
		84AF67C92B5738D30023DE2E /* LaunchScreen.storyboard in Resources */ = {isa = PBXBuildFile; fileRef = 84AF67C72B5738D30023DE2E /* LaunchScreen.storyboard */; };
		84AF67D42B5738D30023DE2E /* FeedbackTests.swift in Sources */ = {isa = PBXBuildFile; fileRef = 84AF67D32B5738D30023DE2E /* FeedbackTests.swift */; };
		84AF67DE2B5738D30023DE2E /* FeedbackUITests.swift in Sources */ = {isa = PBXBuildFile; fileRef = 84AF67DD2B5738D30023DE2E /* FeedbackUITests.swift */; };
		84AF67E02B5738D30023DE2E /* FeedbackUITestsLaunchTests.swift in Sources */ = {isa = PBXBuildFile; fileRef = 84AF67DF2B5738D30023DE2E /* FeedbackUITestsLaunchTests.swift */; };
		84AF67F12B57B0EA0023DE2E /* DisplayDetailController.swift in Sources */ = {isa = PBXBuildFile; fileRef = 84AF67F02B57B0EA0023DE2E /* DisplayDetailController.swift */; };
/* End PBXBuildFile section */

/* Begin PBXContainerItemProxy section */
		84AF67D02B5738D30023DE2E /* PBXContainerItemProxy */ = {
			isa = PBXContainerItemProxy;
			containerPortal = 84AF67B12B5738D10023DE2E /* Project object */;
			proxyType = 1;
			remoteGlobalIDString = 84AF67B82B5738D10023DE2E;
			remoteInfo = Feedback;
		};
		84AF67DA2B5738D30023DE2E /* PBXContainerItemProxy */ = {
			isa = PBXContainerItemProxy;
			containerPortal = 84AF67B12B5738D10023DE2E /* Project object */;
			proxyType = 1;
			remoteGlobalIDString = 84AF67B82B5738D10023DE2E;
			remoteInfo = Feedback;
		};
/* End PBXContainerItemProxy section */

/* Begin PBXFileReference section */
		845C40A52B58649B0006C015 /* Details.swift */ = {isa = PBXFileReference; lastKnownFileType = sourcecode.swift; path = Details.swift; sourceTree = "<group>"; };
		84AF67B92B5738D10023DE2E /* Feedback.app */ = {isa = PBXFileReference; explicitFileType = wrapper.application; includeInIndex = 0; path = Feedback.app; sourceTree = BUILT_PRODUCTS_DIR; };
		84AF67BC2B5738D10023DE2E /* AppDelegate.swift */ = {isa = PBXFileReference; lastKnownFileType = sourcecode.swift; path = AppDelegate.swift; sourceTree = "<group>"; };
		84AF67BE2B5738D10023DE2E /* SceneDelegate.swift */ = {isa = PBXFileReference; lastKnownFileType = sourcecode.swift; path = SceneDelegate.swift; sourceTree = "<group>"; };
		84AF67C02B5738D10023DE2E /* ViewController.swift */ = {isa = PBXFileReference; lastKnownFileType = sourcecode.swift; path = ViewController.swift; sourceTree = "<group>"; };
		84AF67C32B5738D10023DE2E /* Base */ = {isa = PBXFileReference; lastKnownFileType = file.storyboard; name = Base; path = Base.lproj/Main.storyboard; sourceTree = "<group>"; };
		84AF67C52B5738D30023DE2E /* Assets.xcassets */ = {isa = PBXFileReference; lastKnownFileType = folder.assetcatalog; path = Assets.xcassets; sourceTree = "<group>"; };
		84AF67C82B5738D30023DE2E /* Base */ = {isa = PBXFileReference; lastKnownFileType = file.storyboard; name = Base; path = Base.lproj/LaunchScreen.storyboard; sourceTree = "<group>"; };
		84AF67CA2B5738D30023DE2E /* Info.plist */ = {isa = PBXFileReference; lastKnownFileType = text.plist.xml; path = Info.plist; sourceTree = "<group>"; };
		84AF67CF2B5738D30023DE2E /* FeedbackTests.xctest */ = {isa = PBXFileReference; explicitFileType = wrapper.cfbundle; includeInIndex = 0; path = FeedbackTests.xctest; sourceTree = BUILT_PRODUCTS_DIR; };
		84AF67D32B5738D30023DE2E /* FeedbackTests.swift */ = {isa = PBXFileReference; lastKnownFileType = sourcecode.swift; path = FeedbackTests.swift; sourceTree = "<group>"; };
		84AF67D92B5738D30023DE2E /* FeedbackUITests.xctest */ = {isa = PBXFileReference; explicitFileType = wrapper.cfbundle; includeInIndex = 0; path = FeedbackUITests.xctest; sourceTree = BUILT_PRODUCTS_DIR; };
		84AF67DD2B5738D30023DE2E /* FeedbackUITests.swift */ = {isa = PBXFileReference; lastKnownFileType = sourcecode.swift; path = FeedbackUITests.swift; sourceTree = "<group>"; };
		84AF67DF2B5738D30023DE2E /* FeedbackUITestsLaunchTests.swift */ = {isa = PBXFileReference; lastKnownFileType = sourcecode.swift; path = FeedbackUITestsLaunchTests.swift; sourceTree = "<group>"; };
		84AF67F02B57B0EA0023DE2E /* DisplayDetailController.swift */ = {isa = PBXFileReference; lastKnownFileType = sourcecode.swift; path = DisplayDetailController.swift; sourceTree = "<group>"; };
/* End PBXFileReference section */

/* Begin PBXFrameworksBuildPhase section */
		84AF67B62B5738D10023DE2E /* Frameworks */ = {
			isa = PBXFrameworksBuildPhase;
			buildActionMask = 2147483647;
			files = (
			);
			runOnlyForDeploymentPostprocessing = 0;
		};
		84AF67CC2B5738D30023DE2E /* Frameworks */ = {
			isa = PBXFrameworksBuildPhase;
			buildActionMask = 2147483647;
			files = (
			);
			runOnlyForDeploymentPostprocessing = 0;
		};
		84AF67D62B5738D30023DE2E /* Frameworks */ = {
			isa = PBXFrameworksBuildPhase;
			buildActionMask = 2147483647;
			files = (
			);
			runOnlyForDeploymentPostprocessing = 0;
		};
/* End PBXFrameworksBuildPhase section */

/* Begin PBXGroup section */
		84AF67B02B5738D10023DE2E = {
			isa = PBXGroup;
			children = (
				84AF67BB2B5738D10023DE2E /* Feedback */,
				84AF67D22B5738D30023DE2E /* FeedbackTests */,
				84AF67DC2B5738D30023DE2E /* FeedbackUITests */,
				84AF67BA2B5738D10023DE2E /* Products */,
			);
			sourceTree = "<group>";
		};
		84AF67BA2B5738D10023DE2E /* Products */ = {
			isa = PBXGroup;
			children = (
				84AF67B92B5738D10023DE2E /* Feedback.app */,
				84AF67CF2B5738D30023DE2E /* FeedbackTests.xctest */,
				84AF67D92B5738D30023DE2E /* FeedbackUITests.xctest */,
			);
			name = Products;
			sourceTree = "<group>";
		};
		84AF67BB2B5738D10023DE2E /* Feedback */ = {
			isa = PBXGroup;
			children = (
				84AF67BC2B5738D10023DE2E /* AppDelegate.swift */,
				84AF67BE2B5738D10023DE2E /* SceneDelegate.swift */,
				84AF67C02B5738D10023DE2E /* ViewController.swift */,
				84AF67F02B57B0EA0023DE2E /* DisplayDetailController.swift */,
				84AF67C22B5738D10023DE2E /* Main.storyboard */,
				84AF67C52B5738D30023DE2E /* Assets.xcassets */,
				84AF67C72B5738D30023DE2E /* LaunchScreen.storyboard */,
				84AF67CA2B5738D30023DE2E /* Info.plist */,
				845C40A52B58649B0006C015 /* Details.swift */,
			);
			path = Feedback;
			sourceTree = "<group>";
		};
		84AF67D22B5738D30023DE2E /* FeedbackTests */ = {
			isa = PBXGroup;
			children = (
				84AF67D32B5738D30023DE2E /* FeedbackTests.swift */,
			);
			path = FeedbackTests;
			sourceTree = "<group>";
		};
		84AF67DC2B5738D30023DE2E /* FeedbackUITests */ = {
			isa = PBXGroup;
			children = (
				84AF67DD2B5738D30023DE2E /* FeedbackUITests.swift */,
				84AF67DF2B5738D30023DE2E /* FeedbackUITestsLaunchTests.swift */,
			);
			path = FeedbackUITests;
			sourceTree = "<group>";
		};
/* End PBXGroup section */

/* Begin PBXNativeTarget section */
		84AF67B82B5738D10023DE2E /* Feedback */ = {
			isa = PBXNativeTarget;
			buildConfigurationList = 84AF67E32B5738D30023DE2E /* Build configuration list for PBXNativeTarget "Feedback" */;
			buildPhases = (
				84AF67B52B5738D10023DE2E /* Sources */,
				84AF67B62B5738D10023DE2E /* Frameworks */,
				84AF67B72B5738D10023DE2E /* Resources */,
			);
			buildRules = (
			);
			dependencies = (
			);
			name = Feedback;
			productName = Feedback;
			productReference = 84AF67B92B5738D10023DE2E /* Feedback.app */;
			productType = "com.apple.product-type.application";
		};
		84AF67CE2B5738D30023DE2E /* FeedbackTests */ = {
			isa = PBXNativeTarget;
			buildConfigurationList = 84AF67E62B5738D30023DE2E /* Build configuration list for PBXNativeTarget "FeedbackTests" */;
			buildPhases = (
				84AF67CB2B5738D30023DE2E /* Sources */,
				84AF67CC2B5738D30023DE2E /* Frameworks */,
				84AF67CD2B5738D30023DE2E /* Resources */,
			);
			buildRules = (
			);
			dependencies = (
				84AF67D12B5738D30023DE2E /* PBXTargetDependency */,
			);
			name = FeedbackTests;
			productName = FeedbackTests;
			productReference = 84AF67CF2B5738D30023DE2E /* FeedbackTests.xctest */;
			productType = "com.apple.product-type.bundle.unit-test";
		};
		84AF67D82B5738D30023DE2E /* FeedbackUITests */ = {
			isa = PBXNativeTarget;
			buildConfigurationList = 84AF67E92B5738D30023DE2E /* Build configuration list for PBXNativeTarget "FeedbackUITests" */;
			buildPhases = (
				84AF67D52B5738D30023DE2E /* Sources */,
				84AF67D62B5738D30023DE2E /* Frameworks */,
				84AF67D72B5738D30023DE2E /* Resources */,
			);
			buildRules = (
			);
			dependencies = (
				84AF67DB2B5738D30023DE2E /* PBXTargetDependency */,
			);
			name = FeedbackUITests;
			productName = FeedbackUITests;
			productReference = 84AF67D92B5738D30023DE2E /* FeedbackUITests.xctest */;
			productType = "com.apple.product-type.bundle.ui-testing";
		};
/* End PBXNativeTarget section */

/* Begin PBXProject section */
		84AF67B12B5738D10023DE2E /* Project object */ = {
			isa = PBXProject;
			attributes = {
				BuildIndependentTargetsInParallel = 1;
				LastSwiftUpdateCheck = 1520;
				LastUpgradeCheck = 1520;
				TargetAttributes = {
					84AF67B82B5738D10023DE2E = {
						CreatedOnToolsVersion = 15.2;
					};
					84AF67CE2B5738D30023DE2E = {
						CreatedOnToolsVersion = 15.2;
						TestTargetID = 84AF67B82B5738D10023DE2E;
					};
					84AF67D82B5738D30023DE2E = {
						CreatedOnToolsVersion = 15.2;
						TestTargetID = 84AF67B82B5738D10023DE2E;
					};
				};
			};
			buildConfigurationList = 84AF67B42B5738D10023DE2E /* Build configuration list for PBXProject "Feedback" */;
			compatibilityVersion = "Xcode 14.0";
			developmentRegion = en;
			hasScannedForEncodings = 0;
			knownRegions = (
				en,
				Base,
			);
			mainGroup = 84AF67B02B5738D10023DE2E;
			productRefGroup = 84AF67BA2B5738D10023DE2E /* Products */;
			projectDirPath = "";
			projectRoot = "";
			targets = (
				84AF67B82B5738D10023DE2E /* Feedback */,
				84AF67CE2B5738D30023DE2E /* FeedbackTests */,
				84AF67D82B5738D30023DE2E /* FeedbackUITests */,
			);
		};
/* End PBXProject section */

/* Begin PBXResourcesBuildPhase section */
		84AF67B72B5738D10023DE2E /* Resources */ = {
			isa = PBXResourcesBuildPhase;
			buildActionMask = 2147483647;
			files = (
				84AF67C92B5738D30023DE2E /* LaunchScreen.storyboard in Resources */,
				84AF67C62B5738D30023DE2E /* Assets.xcassets in Resources */,
				84AF67C42B5738D10023DE2E /* Main.storyboard in Resources */,
			);
			runOnlyForDeploymentPostprocessing = 0;
		};
		84AF67CD2B5738D30023DE2E /* Resources */ = {
			isa = PBXResourcesBuildPhase;
			buildActionMask = 2147483647;
			files = (
			);
			runOnlyForDeploymentPostprocessing = 0;
		};
		84AF67D72B5738D30023DE2E /* Resources */ = {
			isa = PBXResourcesBuildPhase;
			buildActionMask = 2147483647;
			files = (
			);
			runOnlyForDeploymentPostprocessing = 0;
		};
/* End PBXResourcesBuildPhase section */

/* Begin PBXSourcesBuildPhase section */
		84AF67B52B5738D10023DE2E /* Sources */ = {
			isa = PBXSourcesBuildPhase;
			buildActionMask = 2147483647;
			files = (
				84AF67C12B5738D10023DE2E /* ViewController.swift in Sources */,
				845C40A62B58649B0006C015 /* Details.swift in Sources */,
				84AF67F12B57B0EA0023DE2E /* DisplayDetailController.swift in Sources */,
				84AF67BD2B5738D10023DE2E /* AppDelegate.swift in Sources */,
				84AF67BF2B5738D10023DE2E /* SceneDelegate.swift in Sources */,
			);
			runOnlyForDeploymentPostprocessing = 0;
		};
		84AF67CB2B5738D30023DE2E /* Sources */ = {
			isa = PBXSourcesBuildPhase;
			buildActionMask = 2147483647;
			files = (
				84AF67D42B5738D30023DE2E /* FeedbackTests.swift in Sources */,
			);
			runOnlyForDeploymentPostprocessing = 0;
		};
		84AF67D52B5738D30023DE2E /* Sources */ = {
			isa = PBXSourcesBuildPhase;
			buildActionMask = 2147483647;
			files = (
				84AF67E02B5738D30023DE2E /* FeedbackUITestsLaunchTests.swift in Sources */,
				84AF67DE2B5738D30023DE2E /* FeedbackUITests.swift in Sources */,
			);
			runOnlyForDeploymentPostprocessing = 0;
		};
/* End PBXSourcesBuildPhase section */

/* Begin PBXTargetDependency section */
		84AF67D12B5738D30023DE2E /* PBXTargetDependency */ = {
			isa = PBXTargetDependency;
			target = 84AF67B82B5738D10023DE2E /* Feedback */;
			targetProxy = 84AF67D02B5738D30023DE2E /* PBXContainerItemProxy */;
		};
		84AF67DB2B5738D30023DE2E /* PBXTargetDependency */ = {
			isa = PBXTargetDependency;
			target = 84AF67B82B5738D10023DE2E /* Feedback */;
			targetProxy = 84AF67DA2B5738D30023DE2E /* PBXContainerItemProxy */;
		};
/* End PBXTargetDependency section */

/* Begin PBXVariantGroup section */
		84AF67C22B5738D10023DE2E /* Main.storyboard */ = {
			isa = PBXVariantGroup;
			children = (
				84AF67C32B5738D10023DE2E /* Base */,
			);
			name = Main.storyboard;
			sourceTree = "<group>";
		};
		84AF67C72B5738D30023DE2E /* LaunchScreen.storyboard */ = {
			isa = PBXVariantGroup;
			children = (
				84AF67C82B5738D30023DE2E /* Base */,
			);
			name = LaunchScreen.storyboard;
			sourceTree = "<group>";
		};
/* End PBXVariantGroup section */

/* Begin XCBuildConfiguration section */
		84AF67E12B5738D30023DE2E /* Debug */ = {
			isa = XCBuildConfiguration;
			buildSettings = {
				ALWAYS_SEARCH_USER_PATHS = NO;
				ASSETCATALOG_COMPILER_GENERATE_SWIFT_ASSET_SYMBOL_EXTENSIONS = YES;
				CLANG_ANALYZER_NONNULL = YES;
				CLANG_ANALYZER_NUMBER_OBJECT_CONVERSION = YES_AGGRESSIVE;
				CLANG_CXX_LANGUAGE_STANDARD = "gnu++20";
				CLANG_ENABLE_MODULES = YES;
				CLANG_ENABLE_OBJC_ARC = YES;
				CLANG_ENABLE_OBJC_WEAK = YES;
				CLANG_WARN_BLOCK_CAPTURE_AUTORELEASING = YES;
				CLANG_WARN_BOOL_CONVERSION = YES;
				CLANG_WARN_COMMA = YES;
				CLANG_WARN_CONSTANT_CONVERSION = YES;
				CLANG_WARN_DEPRECATED_OBJC_IMPLEMENTATIONS = YES;
				CLANG_WARN_DIRECT_OBJC_ISA_USAGE = YES_ERROR;
				CLANG_WARN_DOCUMENTATION_COMMENTS = YES;
				CLANG_WARN_EMPTY_BODY = YES;
				CLANG_WARN_ENUM_CONVERSION = YES;
				CLANG_WARN_INFINITE_RECURSION = YES;
				CLANG_WARN_INT_CONVERSION = YES;
				CLANG_WARN_NON_LITERAL_NULL_CONVERSION = YES;
				CLANG_WARN_OBJC_IMPLICIT_RETAIN_SELF = YES;
				CLANG_WARN_OBJC_LITERAL_CONVERSION = YES;
				CLANG_WARN_OBJC_ROOT_CLASS = YES_ERROR;
				CLANG_WARN_QUOTED_INCLUDE_IN_FRAMEWORK_HEADER = YES;
				CLANG_WARN_RANGE_LOOP_ANALYSIS = YES;
				CLANG_WARN_STRICT_PROTOTYPES = YES;
				CLANG_WARN_SUSPICIOUS_MOVE = YES;
				CLANG_WARN_UNGUARDED_AVAILABILITY = YES_AGGRESSIVE;
				CLANG_WARN_UNREACHABLE_CODE = YES;
				CLANG_WARN__DUPLICATE_METHOD_MATCH = YES;
				COPY_PHASE_STRIP = NO;
				DEBUG_INFORMATION_FORMAT = dwarf;
				ENABLE_STRICT_OBJC_MSGSEND = YES;
				ENABLE_TESTABILITY = YES;
				ENABLE_USER_SCRIPT_SANDBOXING = YES;
				GCC_C_LANGUAGE_STANDARD = gnu17;
				GCC_DYNAMIC_NO_PIC = NO;
				GCC_NO_COMMON_BLOCKS = YES;
				GCC_OPTIMIZATION_LEVEL = 0;
				GCC_PREPROCESSOR_DEFINITIONS = (
					"DEBUG=1",
					"$(inherited)",
				);
				GCC_WARN_64_TO_32_BIT_CONVERSION = YES;
				GCC_WARN_ABOUT_RETURN_TYPE = YES_ERROR;
				GCC_WARN_UNDECLARED_SELECTOR = YES;
				GCC_WARN_UNINITIALIZED_AUTOS = YES_AGGRESSIVE;
				GCC_WARN_UNUSED_FUNCTION = YES;
				GCC_WARN_UNUSED_VARIABLE = YES;
				IPHONEOS_DEPLOYMENT_TARGET = 17.2;
				LOCALIZATION_PREFERS_STRING_CATALOGS = YES;
				MTL_ENABLE_DEBUG_INFO = INCLUDE_SOURCE;
				MTL_FAST_MATH = YES;
				ONLY_ACTIVE_ARCH = YES;
				SDKROOT = iphoneos;
				SWIFT_ACTIVE_COMPILATION_CONDITIONS = "DEBUG $(inherited)";
				SWIFT_OPTIMIZATION_LEVEL = "-Onone";
			};
			name = Debug;
		};
		84AF67E22B5738D30023DE2E /* Release */ = {
			isa = XCBuildConfiguration;
			buildSettings = {
				ALWAYS_SEARCH_USER_PATHS = NO;
				ASSETCATALOG_COMPILER_GENERATE_SWIFT_ASSET_SYMBOL_EXTENSIONS = YES;
				CLANG_ANALYZER_NONNULL = YES;
				CLANG_ANALYZER_NUMBER_OBJECT_CONVERSION = YES_AGGRESSIVE;
				CLANG_CXX_LANGUAGE_STANDARD = "gnu++20";
				CLANG_ENABLE_MODULES = YES;
				CLANG_ENABLE_OBJC_ARC = YES;
				CLANG_ENABLE_OBJC_WEAK = YES;
				CLANG_WARN_BLOCK_CAPTURE_AUTORELEASING = YES;
				CLANG_WARN_BOOL_CONVERSION = YES;
				CLANG_WARN_COMMA = YES;
				CLANG_WARN_CONSTANT_CONVERSION = YES;
				CLANG_WARN_DEPRECATED_OBJC_IMPLEMENTATIONS = YES;
				CLANG_WARN_DIRECT_OBJC_ISA_USAGE = YES_ERROR;
				CLANG_WARN_DOCUMENTATION_COMMENTS = YES;
				CLANG_WARN_EMPTY_BODY = YES;
				CLANG_WARN_ENUM_CONVERSION = YES;
				CLANG_WARN_INFINITE_RECURSION = YES;
				CLANG_WARN_INT_CONVERSION = YES;
				CLANG_WARN_NON_LITERAL_NULL_CONVERSION = YES;
				CLANG_WARN_OBJC_IMPLICIT_RETAIN_SELF = YES;
				CLANG_WARN_OBJC_LITERAL_CONVERSION = YES;
				CLANG_WARN_OBJC_ROOT_CLASS = YES_ERROR;
				CLANG_WARN_QUOTED_INCLUDE_IN_FRAMEWORK_HEADER = YES;
				CLANG_WARN_RANGE_LOOP_ANALYSIS = YES;
				CLANG_WARN_STRICT_PROTOTYPES = YES;
				CLANG_WARN_SUSPICIOUS_MOVE = YES;
				CLANG_WARN_UNGUARDED_AVAILABILITY = YES_AGGRESSIVE;
				CLANG_WARN_UNREACHABLE_CODE = YES;
				CLANG_WARN__DUPLICATE_METHOD_MATCH = YES;
				COPY_PHASE_STRIP = NO;
				DEBUG_INFORMATION_FORMAT = "dwarf-with-dsym";
				ENABLE_NS_ASSERTIONS = NO;
				ENABLE_STRICT_OBJC_MSGSEND = YES;
				ENABLE_USER_SCRIPT_SANDBOXING = YES;
				GCC_C_LANGUAGE_STANDARD = gnu17;
				GCC_NO_COMMON_BLOCKS = YES;
				GCC_WARN_64_TO_32_BIT_CONVERSION = YES;
				GCC_WARN_ABOUT_RETURN_TYPE = YES_ERROR;
				GCC_WARN_UNDECLARED_SELECTOR = YES;
				GCC_WARN_UNINITIALIZED_AUTOS = YES_AGGRESSIVE;
				GCC_WARN_UNUSED_FUNCTION = YES;
				GCC_WARN_UNUSED_VARIABLE = YES;
				IPHONEOS_DEPLOYMENT_TARGET = 17.2;
				LOCALIZATION_PREFERS_STRING_CATALOGS = YES;
				MTL_ENABLE_DEBUG_INFO = NO;
				MTL_FAST_MATH = YES;
				SDKROOT = iphoneos;
				SWIFT_COMPILATION_MODE = wholemodule;
				VALIDATE_PRODUCT = YES;
			};
			name = Release;
		};
		84AF67E42B5738D30023DE2E /* Debug */ = {
			isa = XCBuildConfiguration;
			buildSettings = {
				ASSETCATALOG_COMPILER_APPICON_NAME = AppIcon;
				ASSETCATALOG_COMPILER_GLOBAL_ACCENT_COLOR_NAME = AccentColor;
				CODE_SIGN_STYLE = Automatic;
				CURRENT_PROJECT_VERSION = 1;
				GENERATE_INFOPLIST_FILE = YES;
				INFOPLIST_FILE = Feedback/Info.plist;
				INFOPLIST_KEY_UIApplicationSupportsIndirectInputEvents = YES;
				INFOPLIST_KEY_UILaunchStoryboardName = LaunchScreen;
				INFOPLIST_KEY_UIMainStoryboardFile = Main;
				INFOPLIST_KEY_UISupportedInterfaceOrientations = UIInterfaceOrientationPortrait;
				LD_RUNPATH_SEARCH_PATHS = (
					"$(inherited)",
					"@executable_path/Frameworks",
				);
				MARKETING_VERSION = 1.0;
				PRODUCT_BUNDLE_IDENTIFIER = com.Assign2.Feedback;
				PRODUCT_NAME = "$(TARGET_NAME)";
				SWIFT_EMIT_LOC_STRINGS = YES;
				SWIFT_VERSION = 5.0;
				TARGETED_DEVICE_FAMILY = "1,2";
			};
			name = Debug;
		};
		84AF67E52B5738D30023DE2E /* Release */ = {
			isa = XCBuildConfiguration;
			buildSettings = {
				ASSETCATALOG_COMPILER_APPICON_NAME = AppIcon;
				ASSETCATALOG_COMPILER_GLOBAL_ACCENT_COLOR_NAME = AccentColor;
				CODE_SIGN_STYLE = Automatic;
				CURRENT_PROJECT_VERSION = 1;
				GENERATE_INFOPLIST_FILE = YES;
				INFOPLIST_FILE = Feedback/Info.plist;
				INFOPLIST_KEY_UIApplicationSupportsIndirectInputEvents = YES;
				INFOPLIST_KEY_UILaunchStoryboardName = LaunchScreen;
				INFOPLIST_KEY_UIMainStoryboardFile = Main;
				INFOPLIST_KEY_UISupportedInterfaceOrientations = UIInterfaceOrientationPortrait;
				LD_RUNPATH_SEARCH_PATHS = (
					"$(inherited)",
					"@executable_path/Frameworks",
				);
				MARKETING_VERSION = 1.0;
				PRODUCT_BUNDLE_IDENTIFIER = com.Assign2.Feedback;
				PRODUCT_NAME = "$(TARGET_NAME)";
				SWIFT_EMIT_LOC_STRINGS = YES;
				SWIFT_VERSION = 5.0;
				TARGETED_DEVICE_FAMILY = "1,2";
			};
			name = Release;
		};
		84AF67E72B5738D30023DE2E /* Debug */ = {
			isa = XCBuildConfiguration;
			buildSettings = {
				ALWAYS_EMBED_SWIFT_STANDARD_LIBRARIES = YES;
				BUNDLE_LOADER = "$(TEST_HOST)";
				CODE_SIGN_STYLE = Automatic;
				CURRENT_PROJECT_VERSION = 1;
				GENERATE_INFOPLIST_FILE = YES;
				IPHONEOS_DEPLOYMENT_TARGET = 17.2;
				MARKETING_VERSION = 1.0;
				PRODUCT_BUNDLE_IDENTIFIER = com.Assign2.FeedbackTests;
				PRODUCT_NAME = "$(TARGET_NAME)";
				SWIFT_EMIT_LOC_STRINGS = NO;
				SWIFT_VERSION = 5.0;
				TARGETED_DEVICE_FAMILY = "1,2";
				TEST_HOST = "$(BUILT_PRODUCTS_DIR)/Feedback.app/$(BUNDLE_EXECUTABLE_FOLDER_PATH)/Feedback";
			};
			name = Debug;
		};
		84AF67E82B5738D30023DE2E /* Release */ = {
			isa = XCBuildConfiguration;
			buildSettings = {
				ALWAYS_EMBED_SWIFT_STANDARD_LIBRARIES = YES;
				BUNDLE_LOADER = "$(TEST_HOST)";
				CODE_SIGN_STYLE = Automatic;
				CURRENT_PROJECT_VERSION = 1;
				GENERATE_INFOPLIST_FILE = YES;
				IPHONEOS_DEPLOYMENT_TARGET = 17.2;
				MARKETING_VERSION = 1.0;
				PRODUCT_BUNDLE_IDENTIFIER = com.Assign2.FeedbackTests;
				PRODUCT_NAME = "$(TARGET_NAME)";
				SWIFT_EMIT_LOC_STRINGS = NO;
				SWIFT_VERSION = 5.0;
				TARGETED_DEVICE_FAMILY = "1,2";
				TEST_HOST = "$(BUILT_PRODUCTS_DIR)/Feedback.app/$(BUNDLE_EXECUTABLE_FOLDER_PATH)/Feedback";
			};
			name = Release;
		};
		84AF67EA2B5738D30023DE2E /* Debug */ = {
			isa = XCBuildConfiguration;
			buildSettings = {
				ALWAYS_EMBED_SWIFT_STANDARD_LIBRARIES = YES;
				CODE_SIGN_STYLE = Automatic;
				CURRENT_PROJECT_VERSION = 1;
				GENERATE_INFOPLIST_FILE = YES;
				MARKETING_VERSION = 1.0;
				PRODUCT_BUNDLE_IDENTIFIER = com.Assign2.FeedbackUITests;
				PRODUCT_NAME = "$(TARGET_NAME)";
				SWIFT_EMIT_LOC_STRINGS = NO;
				SWIFT_VERSION = 5.0;
				TARGETED_DEVICE_FAMILY = "1,2";
				TEST_TARGET_NAME = Feedback;
			};
			name = Debug;
		};
		84AF67EB2B5738D30023DE2E /* Release */ = {
			isa = XCBuildConfiguration;
			buildSettings = {
				ALWAYS_EMBED_SWIFT_STANDARD_LIBRARIES = YES;
				CODE_SIGN_STYLE = Automatic;
				CURRENT_PROJECT_VERSION = 1;
				GENERATE_INFOPLIST_FILE = YES;
				MARKETING_VERSION = 1.0;
				PRODUCT_BUNDLE_IDENTIFIER = com.Assign2.FeedbackUITests;
				PRODUCT_NAME = "$(TARGET_NAME)";
				SWIFT_EMIT_LOC_STRINGS = NO;
				SWIFT_VERSION = 5.0;
				TARGETED_DEVICE_FAMILY = "1,2";
				TEST_TARGET_NAME = Feedback;
			};
			name = Release;
		};
/* End XCBuildConfiguration section */

/* Begin XCConfigurationList section */
		84AF67B42B5738D10023DE2E /* Build configuration list for PBXProject "Feedback" */ = {
			isa = XCConfigurationList;
			buildConfigurations = (
				84AF67E12B5738D30023DE2E /* Debug */,
				84AF67E22B5738D30023DE2E /* Release */,
			);
			defaultConfigurationIsVisible = 0;
			defaultConfigurationName = Release;
		};
		84AF67E32B5738D30023DE2E /* Build configuration list for PBXNativeTarget "Feedback" */ = {
			isa = XCConfigurationList;
			buildConfigurations = (
				84AF67E42B5738D30023DE2E /* Debug */,
				84AF67E52B5738D30023DE2E /* Release */,
			);
			defaultConfigurationIsVisible = 0;
			defaultConfigurationName = Release;
		};
		84AF67E62B5738D30023DE2E /* Build configuration list for PBXNativeTarget "FeedbackTests" */ = {
			isa = XCConfigurationList;
			buildConfigurations = (
				84AF67E72B5738D30023DE2E /* Debug */,
				84AF67E82B5738D30023DE2E /* Release */,
			);
			defaultConfigurationIsVisible = 0;
			defaultConfigurationName = Release;
		};
		84AF67E92B5738D30023DE2E /* Build configuration list for PBXNativeTarget "FeedbackUITests" */ = {
			isa = XCConfigurationList;
			buildConfigurations = (
				84AF67EA2B5738D30023DE2E /* Debug */,
				84AF67EB2B5738D30023DE2E /* Release */,
			);
			defaultConfigurationIsVisible = 0;
			defaultConfigurationName = Release;
		};
/* End XCConfigurationList section */
	};
	rootObject = 84AF67B12B5738D10023DE2E /* Project object */;
}
